<?xml version="1.0" encoding="utf-8"?>
<Project ToolsVersion="4.0" xmlns="http://schemas.microsoft.com/developer/msbuild/2003">
  <ItemGroup>
    <Filter Include="Source Files">
      <UniqueIdentifier>{4FC737F1-C7A5-4376-A066-2A32D752A2FF}</UniqueIdentifier>
      <Extensions>cpp;c;cc;cxx;c++;cppm;ixx;def;odl;idl;hpj;bat;asm;asmx</Extensions>
    </Filter>
    <Filter Include="Header Files">
      <UniqueIdentifier>{93995380-89BD-4b04-88EB-625FBE52EBFB}</UniqueIdentifier>
      <Extensions>h;hh;hpp;hxx;h++;hm;inl;inc;ipp;xsd</Extensions>
    </Filter>
    <Filter Include="Resource Files">
      <UniqueIdentifier>{67DA6AB6-F800-4c08-8B7A-83BB121AAD01}</UniqueIdentifier>
      <Extensions>rc;ico;cur;bmp;dlg;rc2;rct;bin;rgs;gif;jpg;jpeg;jpe;resx;tiff;tif;png;wav;mfcribbon-ms</Extensions>
    </Filter>
  </ItemGroup>
  <ItemGroup>
    <ClCompile Include="main.cpp">
      <Filter>Source Files</Filter>
    </ClCompile>
    <ClCompile Include="gameObject.cpp">
      <Filter>Source Files</Filter>
    </ClCompile>
    <ClCompile Include="scene.cpp">
      <Filter>Source Files</Filter>
    </ClCompile>
    <ClCompile Include="sceneHandler.cpp">
      <Filter>Source Files</Filter>
    </ClCompile>
    <ClCompile Include="spriteObject.cpp">
      <Filter>Source Files</Filter>
    </ClCompile>
    <ClCompile Include="enemy.cpp">
      <Filter>Source Files</Filter>
    </ClCompile>
    <ClCompile Include="player.cpp">
      <Filter>Source Files</Filter>
    </ClCompile>
    <ClCompile Include="highscoreManager.cpp">
      <Filter>Source Files</Filter>
    </ClCompile>
    <ClCompile Include="button.cpp">
      <Filter>Source Files</Filter>
    </ClCompile>
    <ClCompile Include="playButton.cpp">
      <Filter>Source Files</Filter>
    </ClCompile>
    <ClCompile Include="eraseDataButton.cpp">
      <Filter>Source Files</Filter>
    </ClCompile>
    <ClCompile Include="quitButton.cpp">
      <Filter>Source Files</Filter>
    </ClCompile>
    <ClCompile Include="quitToMenuButton.cpp">
      <Filter>Source Files</Filter>
    </ClCompile>
  </ItemGroup>
  <ItemGroup>
    <ClInclude Include="button.hpp">
      <Filter>Header Files</Filter>
    </ClInclude>
    <ClInclude Include="enemy.hpp">
      <Filter>Header Files</Filter>
    </ClInclude>
    <ClInclude Include="gameObject.hpp">
      <Filter>Header Files</Filter>
    </ClInclude>
    <ClInclude Include="highscoreManager.hpp">
      <Filter>Header Files</Filter>
    </ClInclude>
    <ClInclude Include="player.hpp">
      <Filter>Header Files</Filter>
    </ClInclude>
    <ClInclude Include="scene.hpp">
      <Filter>Header Files</Filter>
    </ClInclude>
    <ClInclude Include="sceneHandler.hpp">
      <Filter>Header Files</Filter>
    </ClInclude>
    <ClInclude Include="spriteObject.hpp">
      <Filter>Header Files</Filter>
    </ClInclude>
    <ClInclude Include="textObject.hpp">
      <Filter>Header Files</Filter>
    </ClInclude>
    <ClInclude Include="playButton.hpp">
      <Filter>Header Files</Filter>
    </ClInclude>
    <ClInclude Include="eraseDataButton.hpp">
      <Filter>Header Files</Filter>
    </ClInclude>
    <ClInclude Include="quitButton.hpp">
      <Filter>Header Files</Filter>
    </ClInclude>
    <ClInclude Include="quitToMenuButton.hpp">
      <Filter>Header Files</Filter>
    </ClInclude>
    <ClInclude Include="statsButton.hpp">
      <Filter>Header Files</Filter>
    </ClInclude>
    <ClInclude Include="attackButton.hpp">
      <Filter>Header Files</Filter>
    </ClInclude>
    <ClInclude Include="healButton.hpp">
      <Filter>Header Files</Filter>
    </ClInclude>
    <ClInclude Include="doNothingButton.hpp">
      <Filter>Header Files</Filter>
    </ClInclude>
  </ItemGroup>
</Project>